
Microsoft Visual Studio Solution File, Format Version 12.00
# Visual Studio Version 16
VisualStudioVersion = 16.0.30621.155
MinimumVisualStudioVersion = 10.0.40219.1
Project("{FAE04EC0-301F-11D3-BF4B-00C04F79EFBC}") = "PršiUI", "PršiUI\PršiUI.csproj", "{19A5E079-610F-4C9A-BCA5-7BA6B635FA3D}"
EndProject
Global
	GlobalSection(SolutionConfigurationPlatforms) = preSolution
		Debug|Any CPU = Debug|Any CPU
		Release|Any CPU = Release|Any CPU
	EndGlobalSection
	GlobalSection(ProjectConfigurationPlatforms) = postSolution
		{19A5E079-610F-4C9A-BCA5-7BA6B635FA3D}.Debug|Any CPU.ActiveCfg = Debug|Any CPU
		{19A5E079-610F-4C9A-BCA5-7BA6B635FA3D}.Debug|Any CPU.Build.0 = Debug|Any CPU
		{19A5E079-610F-4C9A-BCA5-7BA6B635FA3D}.Release|Any CPU.ActiveCfg = Release|Any CPU
		{19A5E079-610F-4C9A-BCA5-7BA6B635FA3D}.Release|Any CPU.Build.0 = Release|Any CPU
	EndGlobalSection
	GlobalSection(SolutionProperties) = preSolution
		HideSolutionNode = FALSE
	EndGlobalSection
	GlobalSection(ExtensibilityGlobals) = postSolution
		SolutionGuid = {C2AA3899-2661-4C73-82A0-02C2A0761335}
	EndGlobalSection
EndGlobal
